// !$*UTF8*$!
{
	archiveVersion = 1;
	classes = {
	};
	objectVersion = 46;
	objects = {

/* Begin PBXBuildFile section */
		00FBD26D1D35FC4600CCC8FB /* SATabBarViewController.m in Sources */ = {isa = PBXBuildFile; fileRef = 00FBD26C1D35FC4600CCC8FB /* SATabBarViewController.m */; };
		00FBD2851D35FE8300CCC8FB /* SACommunityViewController.m in Sources */ = {isa = PBXBuildFile; fileRef = 00FBD2841D35FE8300CCC8FB /* SACommunityViewController.m */; };
		00FBD2881D35FF4700CCC8FB /* SAEInfomationViewController.m in Sources */ = {isa = PBXBuildFile; fileRef = 00FBD2871D35FF4700CCC8FB /* SAEInfomationViewController.m */; };
		00FBD28B1D35FF8200CCC8FB /* SAPopularViewController.m in Sources */ = {isa = PBXBuildFile; fileRef = 00FBD28A1D35FF8200CCC8FB /* SAPopularViewController.m */; };
		00FBD28E1D35FFAD00CCC8FB /* SAMeViewController.m in Sources */ = {isa = PBXBuildFile; fileRef = 00FBD28D1D35FFAD00CCC8FB /* SAMeViewController.m */; };
		00FBD2911D36038D00CCC8FB /* SANavigationController.m in Sources */ = {isa = PBXBuildFile; fileRef = 00FBD2901D36038D00CCC8FB /* SANavigationController.m */; };
		3A4E4A9ADEFC9026265B2923 /* libPods-Sigmaprj.a in Frameworks */ = {isa = PBXBuildFile; fileRef = 247D65DDC63FCA6967FD50D0 /* libPods-Sigmaprj.a */; };
		AB22500EA77EE469FA3249D7 /* ViewController.m in Sources */ = {isa = PBXBuildFile; fileRef = AB2254D90FA6CEA95919E140 /* ViewController.m */; };
		AB2250BC144BAE4D9251DDE1 /* SigmaprjUITests.m in Sources */ = {isa = PBXBuildFile; fileRef = AB225B6F83F852B908968C8C /* SigmaprjUITests.m */; };
		AB22527C906EE83685BBABA9 /* Info.plist in Resources */ = {isa = PBXBuildFile; fileRef = AB2256D5B5BE1661AA728D89 /* Info.plist */; };
		AB2253D420EBFD3751B592E3 /* main.m in Sources */ = {isa = PBXBuildFile; fileRef = AB22551842BF252A41A127C3 /* main.m */; };
		AB225583DD0D027A5DDDDC51 /* SigmaprjTests.m in Sources */ = {isa = PBXBuildFile; fileRef = AB2258DB3817CC891D246402 /* SigmaprjTests.m */; };
		AB2257CE51D9E336F16D9F6A /* Info.plist in Resources */ = {isa = PBXBuildFile; fileRef = AB225007CA55A5E2A7B4D863 /* Info.plist */; };
		AB225892B92AF06E1F32657D /* LaunchScreen.storyboard in Resources */ = {isa = PBXBuildFile; fileRef = AB2251DB1F44B4DB7C5367CF /* LaunchScreen.storyboard */; };
		AB225DDFB984483D922398B3 /* AppDelegate.m in Sources */ = {isa = PBXBuildFile; fileRef = AB225F5D2F5A1DFC990C67B0 /* AppDelegate.m */; };
		AB225E1AE2F882FF2405A3D4 /* Assets.xcassets in Resources */ = {isa = PBXBuildFile; fileRef = AB225E7FCDE2C0FE8B5A16F8 /* Assets.xcassets */; };
		AB225F63AB32166BF7F90F2D /* Main.storyboard in Resources */ = {isa = PBXBuildFile; fileRef = AB225987E3367DEF4646049F /* Main.storyboard */; };
		AB225FF778C3AA5ECAFD70AB /* Info.plist in Resources */ = {isa = PBXBuildFile; fileRef = AB2258BC91323318439E5AD6 /* Info.plist */; };
/* End PBXBuildFile section */

/* Begin PBXContainerItemProxy section */
		AB225146F25529EACBD2310F /* PBXContainerItemProxy */ = {
			isa = PBXContainerItemProxy;
			containerPortal = AB2259DC06E534E9A181389D /* Project object */;
			proxyType = 1;
			remoteGlobalIDString = AB225524305C20918E8EE682;
			remoteInfo = Sigmaprj;
		};
		AB2258338560F016E1CB2963 /* PBXContainerItemProxy */ = {
			isa = PBXContainerItemProxy;
			containerPortal = AB2259DC06E534E9A181389D /* Project object */;
			proxyType = 1;
			remoteGlobalIDString = AB225524305C20918E8EE682;
			remoteInfo = Sigmaprj;
		};
/* End PBXContainerItemProxy section */

/* Begin PBXFileReference section */
		00FBD26A1D35F67800CCC8FB /* SigmaprjPrefix.pch */ = {isa = PBXFileReference; fileEncoding = 4; lastKnownFileType = sourcecode.c.h; path = SigmaprjPrefix.pch; sourceTree = "<group>"; };
		00FBD26B1D35FC4600CCC8FB /* SATabBarViewController.h */ = {isa = PBXFileReference; fileEncoding = 4; lastKnownFileType = sourcecode.c.h; path = SATabBarViewController.h; sourceTree = "<group>"; };
		00FBD26C1D35FC4600CCC8FB /* SATabBarViewController.m */ = {isa = PBXFileReference; fileEncoding = 4; lastKnownFileType = sourcecode.c.objc; path = SATabBarViewController.m; sourceTree = "<group>"; };
		00FBD2831D35FE8300CCC8FB /* SACommunityViewController.h */ = {isa = PBXFileReference; fileEncoding = 4; lastKnownFileType = sourcecode.c.h; path = SACommunityViewController.h; sourceTree = "<group>"; };
		00FBD2841D35FE8300CCC8FB /* SACommunityViewController.m */ = {isa = PBXFileReference; fileEncoding = 4; lastKnownFileType = sourcecode.c.objc; path = SACommunityViewController.m; sourceTree = "<group>"; };
		00FBD2861D35FF4700CCC8FB /* SAEInfomationViewController.h */ = {isa = PBXFileReference; fileEncoding = 4; lastKnownFileType = sourcecode.c.h; path = SAEInfomationViewController.h; sourceTree = "<group>"; };
		00FBD2871D35FF4700CCC8FB /* SAEInfomationViewController.m */ = {isa = PBXFileReference; fileEncoding = 4; lastKnownFileType = sourcecode.c.objc; path = SAEInfomationViewController.m; sourceTree = "<group>"; };
		00FBD2891D35FF8200CCC8FB /* SAPopularViewController.h */ = {isa = PBXFileReference; fileEncoding = 4; lastKnownFileType = sourcecode.c.h; path = SAPopularViewController.h; sourceTree = "<group>"; };
		00FBD28A1D35FF8200CCC8FB /* SAPopularViewController.m */ = {isa = PBXFileReference; fileEncoding = 4; lastKnownFileType = sourcecode.c.objc; path = SAPopularViewController.m; sourceTree = "<group>"; };
		00FBD28C1D35FFAD00CCC8FB /* SAMeViewController.h */ = {isa = PBXFileReference; fileEncoding = 4; lastKnownFileType = sourcecode.c.h; path = SAMeViewController.h; sourceTree = "<group>"; };
		00FBD28D1D35FFAD00CCC8FB /* SAMeViewController.m */ = {isa = PBXFileReference; fileEncoding = 4; lastKnownFileType = sourcecode.c.objc; path = SAMeViewController.m; sourceTree = "<group>"; };
		00FBD28F1D36038D00CCC8FB /* SANavigationController.h */ = {isa = PBXFileReference; fileEncoding = 4; lastKnownFileType = sourcecode.c.h; path = SANavigationController.h; sourceTree = "<group>"; };
		00FBD2901D36038D00CCC8FB /* SANavigationController.m */ = {isa = PBXFileReference; fileEncoding = 4; lastKnownFileType = sourcecode.c.objc; path = SANavigationController.m; sourceTree = "<group>"; };
		152DBEF5A87E066F32580C0B /* Pods-Sigmaprj.release.xcconfig */ = {isa = PBXFileReference; includeInIndex = 1; lastKnownFileType = text.xcconfig; name = "Pods-Sigmaprj.release.xcconfig"; path = "Pods/Target Support Files/Pods-Sigmaprj/Pods-Sigmaprj.release.xcconfig"; sourceTree = "<group>"; };
		247D65DDC63FCA6967FD50D0 /* libPods-Sigmaprj.a */ = {isa = PBXFileReference; explicitFileType = archive.ar; includeInIndex = 0; path = "libPods-Sigmaprj.a"; sourceTree = BUILT_PRODUCTS_DIR; };
		A5D9A6E0CFF6D3F9F0CF8F24 /* Pods-Sigmaprj.debug.xcconfig */ = {isa = PBXFileReference; includeInIndex = 1; lastKnownFileType = text.xcconfig; name = "Pods-Sigmaprj.debug.xcconfig"; path = "Pods/Target Support Files/Pods-Sigmaprj/Pods-Sigmaprj.debug.xcconfig"; sourceTree = "<group>"; };
		AB225007CA55A5E2A7B4D863 /* Info.plist */ = {isa = PBXFileReference; lastKnownFileType = text.plist.info; path = Info.plist; sourceTree = "<group>"; };
		AB2254D90FA6CEA95919E140 /* ViewController.m */ = {isa = PBXFileReference; lastKnownFileType = sourcecode.c.objc; path = ViewController.m; sourceTree = "<group>"; };
		AB2254E2AE7CFE8970F22990 /* Sigmaprj.app */ = {isa = PBXFileReference; explicitFileType = wrapper.application; includeInIndex = 0; path = Sigmaprj.app; sourceTree = BUILT_PRODUCTS_DIR; };
		AB2254E9E1D0CD2D9730F1F7 /* ViewController.h */ = {isa = PBXFileReference; lastKnownFileType = sourcecode.c.h; path = ViewController.h; sourceTree = "<group>"; };
		AB22551842BF252A41A127C3 /* main.m */ = {isa = PBXFileReference; lastKnownFileType = sourcecode.c.objc; path = main.m; sourceTree = "<group>"; };
		AB2255756ABB172FD79984AA /* Base */ = {isa = PBXFileReference; lastKnownFileType = file.storyboard; name = Base; path = Base.lproj/LaunchScreen.storyboard; sourceTree = "<group>"; };
		AB2256BF2DFFCA0937AF0BC7 /* SigmaprjUITests.xctest */ = {isa = PBXFileReference; explicitFileType = wrapper.cfbundle; includeInIndex = 0; path = SigmaprjUITests.xctest; sourceTree = BUILT_PRODUCTS_DIR; };
		AB2256D5B5BE1661AA728D89 /* Info.plist */ = {isa = PBXFileReference; lastKnownFileType = text.plist.info; path = Info.plist; sourceTree = "<group>"; };
		AB2257B22E146A7E841B86F4 /* SigmaprjTests.xctest */ = {isa = PBXFileReference; explicitFileType = wrapper.cfbundle; includeInIndex = 0; path = SigmaprjTests.xctest; sourceTree = BUILT_PRODUCTS_DIR; };
		AB2257B979724B806BE9609A /* Base */ = {isa = PBXFileReference; lastKnownFileType = file.storyboard; name = Base; path = Base.lproj/Main.storyboard; sourceTree = "<group>"; };
		AB2258BC91323318439E5AD6 /* Info.plist */ = {isa = PBXFileReference; lastKnownFileType = text.plist.info; path = Info.plist; sourceTree = "<group>"; };
		AB2258DB3817CC891D246402 /* SigmaprjTests.m */ = {isa = PBXFileReference; lastKnownFileType = sourcecode.c.objc; path = SigmaprjTests.m; sourceTree = "<group>"; };
		AB2259679BC90FDB433BCF90 /* AppDelegate.h */ = {isa = PBXFileReference; lastKnownFileType = sourcecode.c.h; path = AppDelegate.h; sourceTree = "<group>"; };
		AB225B6F83F852B908968C8C /* SigmaprjUITests.m */ = {isa = PBXFileReference; lastKnownFileType = sourcecode.c.objc; path = SigmaprjUITests.m; sourceTree = "<group>"; };
		AB225E7FCDE2C0FE8B5A16F8 /* Assets.xcassets */ = {isa = PBXFileReference; lastKnownFileType = folder.assetcatalog; path = Assets.xcassets; sourceTree = "<group>"; };
		AB225F5D2F5A1DFC990C67B0 /* AppDelegate.m */ = {isa = PBXFileReference; lastKnownFileType = sourcecode.c.objc; path = AppDelegate.m; sourceTree = "<group>"; };
/* End PBXFileReference section */

/* Begin PBXFrameworksBuildPhase section */
		AB2250BBEDD4511C1E8DB84B /* Frameworks */ = {
			isa = PBXFrameworksBuildPhase;
			buildActionMask = 2147483647;
			files = (
			);
			runOnlyForDeploymentPostprocessing = 0;
		};
		AB2250E351D9D1469AFCBA07 /* Frameworks */ = {
			isa = PBXFrameworksBuildPhase;
			buildActionMask = 2147483647;
			files = (
			);
			runOnlyForDeploymentPostprocessing = 0;
		};
		AB2251BB1E2780A6E00AC224 /* Frameworks */ = {
			isa = PBXFrameworksBuildPhase;
			buildActionMask = 2147483647;
			files = (
				3A4E4A9ADEFC9026265B2923 /* libPods-Sigmaprj.a in Frameworks */,
			);
			runOnlyForDeploymentPostprocessing = 0;
		};
/* End PBXFrameworksBuildPhase section */

/* Begin PBXGroup section */
		00FBD2571D35EDE800CCC8FB /* Expand */ = {
			isa = PBXGroup;
			children = (
				00FBD2581D35EDE800CCC8FB /* Category */,
				00FBD2591D35EDE800CCC8FB /* Const */,
				00FBD25A1D35EDE800CCC8FB /* DataBase */,
				00FBD25B1D35EDE800CCC8FB /* Macros */,
				00FBD25C1D35EDE800CCC8FB /* Network */,
				00FBD25D1D35EDE800CCC8FB /* Tool */,
			);
			path = Expand;
			sourceTree = "<group>";
		};
		00FBD2581D35EDE800CCC8FB /* Category */ = {
			isa = PBXGroup;
			children = (
			);
			path = Category;
			sourceTree = "<group>";
		};
		00FBD2591D35EDE800CCC8FB /* Const */ = {
			isa = PBXGroup;
			children = (
			);
			path = Const;
			sourceTree = "<group>";
		};
		00FBD25A1D35EDE800CCC8FB /* DataBase */ = {
			isa = PBXGroup;
			children = (
			);
			path = DataBase;
			sourceTree = "<group>";
		};
		00FBD25B1D35EDE800CCC8FB /* Macros */ = {
			isa = PBXGroup;
			children = (
			);
			path = Macros;
			sourceTree = "<group>";
		};
		00FBD25C1D35EDE800CCC8FB /* Network */ = {
			isa = PBXGroup;
			children = (
			);
			path = Network;
			sourceTree = "<group>";
		};
		00FBD25D1D35EDE800CCC8FB /* Tool */ = {
			isa = PBXGroup;
			children = (
			);
			path = Tool;
			sourceTree = "<group>";
		};
		00FBD25E1D35F54A00CCC8FB /* Other */ = {
			isa = PBXGroup;
			children = (
				00FBD2651D35F54A00CCC8FB /* TabBar */,
				00FBD2601D35F54A00CCC8FB /* Navigation */,
				00FBD25F1D35F54A00CCC8FB /* Login */,
				00FBD2621D35F54A00CCC8FB /* Public */,
				00FBD2631D35F54A00CCC8FB /* Release */,
				00FBD2641D35F54A00CCC8FB /* Setting */,
				00FBD2611D35F54A00CCC8FB /* Other */,
			);
			path = Other;
			sourceTree = "<group>";
		};
		00FBD25F1D35F54A00CCC8FB /* Login */ = {
			isa = PBXGroup;
			children = (
			);
			path = Login;
			sourceTree = "<group>";
		};
		00FBD2601D35F54A00CCC8FB /* Navigation */ = {
			isa = PBXGroup;
			children = (
				00FBD28F1D36038D00CCC8FB /* SANavigationController.h */,
				00FBD2901D36038D00CCC8FB /* SANavigationController.m */,
			);
			path = Navigation;
			sourceTree = "<group>";
		};
		00FBD2611D35F54A00CCC8FB /* Other */ = {
			isa = PBXGroup;
			children = (
			);
			path = Other;
			sourceTree = "<group>";
		};
		00FBD2621D35F54A00CCC8FB /* Public */ = {
			isa = PBXGroup;
			children = (
			);
			path = Public;
			sourceTree = "<group>";
		};
		00FBD2631D35F54A00CCC8FB /* Release */ = {
			isa = PBXGroup;
			children = (
			);
			path = Release;
			sourceTree = "<group>";
		};
		00FBD2641D35F54A00CCC8FB /* Setting */ = {
			isa = PBXGroup;
			children = (
			);
			path = Setting;
			sourceTree = "<group>";
		};
		00FBD2651D35F54A00CCC8FB /* TabBar */ = {
			isa = PBXGroup;
			children = (
				00FBD26B1D35FC4600CCC8FB /* SATabBarViewController.h */,
				00FBD26C1D35FC4600CCC8FB /* SATabBarViewController.m */,
			);
			path = TabBar;
			sourceTree = "<group>";
		};
		00FBD2661D35F55A00CCC8FB /* Resource */ = {
			isa = PBXGroup;
			children = (
				00FBD2671D35F55A00CCC8FB /* Image */,
				00FBD2681D35F55A00CCC8FB /* Plist */,
			);
			path = Resource;
			sourceTree = "<group>";
		};
		00FBD2671D35F55A00CCC8FB /* Image */ = {
			isa = PBXGroup;
			children = (
			);
			path = Image;
			sourceTree = "<group>";
		};
		00FBD2681D35F55A00CCC8FB /* Plist */ = {
			isa = PBXGroup;
			children = (
			);
			path = Plist;
			sourceTree = "<group>";
		};
		00FBD26E1D35FE0500CCC8FB /* Main */ = {
			isa = PBXGroup;
			children = (
				00FBD27E1D35FE0500CCC8FB /* Polular */,
				00FBD26F1D35FE0500CCC8FB /* Community */,
				00FBD2741D35FE0500CCC8FB /* EInformation */,
				00FBD2791D35FE0500CCC8FB /* Me */,
			);
			path = Main;
			sourceTree = "<group>";
		};
		00FBD26F1D35FE0500CCC8FB /* Community */ = {
			isa = PBXGroup;
			children = (
				00FBD2701D35FE0500CCC8FB /* Controller */,
				00FBD2711D35FE0500CCC8FB /* Model */,
				00FBD2721D35FE0500CCC8FB /* Other */,
				00FBD2731D35FE0500CCC8FB /* View */,
			);
			path = Community;
			sourceTree = "<group>";
		};
		00FBD2701D35FE0500CCC8FB /* Controller */ = {
			isa = PBXGroup;
			children = (
				00FBD2831D35FE8300CCC8FB /* SACommunityViewController.h */,
				00FBD2841D35FE8300CCC8FB /* SACommunityViewController.m */,
			);
			path = Controller;
			sourceTree = "<group>";
		};
		00FBD2711D35FE0500CCC8FB /* Model */ = {
			isa = PBXGroup;
			children = (
			);
			path = Model;
			sourceTree = "<group>";
		};
		00FBD2721D35FE0500CCC8FB /* Other */ = {
			isa = PBXGroup;
			children = (
			);
			path = Other;
			sourceTree = "<group>";
		};
		00FBD2731D35FE0500CCC8FB /* View */ = {
			isa = PBXGroup;
			children = (
			);
			path = View;
			sourceTree = "<group>";
		};
		00FBD2741D35FE0500CCC8FB /* EInformation */ = {
			isa = PBXGroup;
			children = (
				00FBD2751D35FE0500CCC8FB /* Controller */,
				00FBD2761D35FE0500CCC8FB /* Model */,
				00FBD2771D35FE0500CCC8FB /* Other */,
				00FBD2781D35FE0500CCC8FB /* View */,
			);
			path = EInformation;
			sourceTree = "<group>";
		};
		00FBD2751D35FE0500CCC8FB /* Controller */ = {
			isa = PBXGroup;
			children = (
				00FBD2861D35FF4700CCC8FB /* SAEInfomationViewController.h */,
				00FBD2871D35FF4700CCC8FB /* SAEInfomationViewController.m */,
			);
			path = Controller;
			sourceTree = "<group>";
		};
		00FBD2761D35FE0500CCC8FB /* Model */ = {
			isa = PBXGroup;
			children = (
			);
			path = Model;
			sourceTree = "<group>";
		};
		00FBD2771D35FE0500CCC8FB /* Other */ = {
			isa = PBXGroup;
			children = (
			);
			path = Other;
			sourceTree = "<group>";
		};
		00FBD2781D35FE0500CCC8FB /* View */ = {
			isa = PBXGroup;
			children = (
			);
			path = View;
			sourceTree = "<group>";
		};
		00FBD2791D35FE0500CCC8FB /* Me */ = {
			isa = PBXGroup;
			children = (
				00FBD27A1D35FE0500CCC8FB /* Controller */,
				00FBD27B1D35FE0500CCC8FB /* Model */,
				00FBD27C1D35FE0500CCC8FB /* Other */,
				00FBD27D1D35FE0500CCC8FB /* View */,
			);
			path = Me;
			sourceTree = "<group>";
		};
		00FBD27A1D35FE0500CCC8FB /* Controller */ = {
			isa = PBXGroup;
			children = (
				00FBD28C1D35FFAD00CCC8FB /* SAMeViewController.h */,
				00FBD28D1D35FFAD00CCC8FB /* SAMeViewController.m */,
			);
			path = Controller;
			sourceTree = "<group>";
		};
		00FBD27B1D35FE0500CCC8FB /* Model */ = {
			isa = PBXGroup;
			children = (
			);
			path = Model;
			sourceTree = "<group>";
		};
		00FBD27C1D35FE0500CCC8FB /* Other */ = {
			isa = PBXGroup;
			children = (
			);
			path = Other;
			sourceTree = "<group>";
		};
		00FBD27D1D35FE0500CCC8FB /* View */ = {
			isa = PBXGroup;
			children = (
			);
			path = View;
			sourceTree = "<group>";
		};
		00FBD27E1D35FE0500CCC8FB /* Polular */ = {
			isa = PBXGroup;
			children = (
				00FBD27F1D35FE0500CCC8FB /* Controller */,
				00FBD2801D35FE0500CCC8FB /* Model */,
				00FBD2811D35FE0500CCC8FB /* Other */,
				00FBD2821D35FE0500CCC8FB /* View */,
			);
			path = Polular;
			sourceTree = "<group>";
		};
		00FBD27F1D35FE0500CCC8FB /* Controller */ = {
			isa = PBXGroup;
			children = (
				00FBD2891D35FF8200CCC8FB /* SAPopularViewController.h */,
				00FBD28A1D35FF8200CCC8FB /* SAPopularViewController.m */,
			);
			path = Controller;
			sourceTree = "<group>";
		};
		00FBD2801D35FE0500CCC8FB /* Model */ = {
			isa = PBXGroup;
			children = (
			);
			path = Model;
			sourceTree = "<group>";
		};
		00FBD2811D35FE0500CCC8FB /* Other */ = {
			isa = PBXGroup;
			children = (
			);
			path = Other;
			sourceTree = "<group>";
		};
		00FBD2821D35FE0500CCC8FB /* View */ = {
			isa = PBXGroup;
			children = (
			);
			path = View;
			sourceTree = "<group>";
		};
		8FDF607A6246F686BCEF6999 /* Frameworks */ = {
			isa = PBXGroup;
			children = (
				247D65DDC63FCA6967FD50D0 /* libPods-Sigmaprj.a */,
			);
			name = Frameworks;
			sourceTree = "<group>";
		};
		9D22FCC535111EB003E0C11C /* Pods */ = {
			isa = PBXGroup;
			children = (
				A5D9A6E0CFF6D3F9F0CF8F24 /* Pods-Sigmaprj.debug.xcconfig */,
				152DBEF5A87E066F32580C0B /* Pods-Sigmaprj.release.xcconfig */,
			);
			name = Pods;
			sourceTree = "<group>";
		};
		AB22517995235DE7D5DF66F4 = {
			isa = PBXGroup;
			children = (
				00FBD26E1D35FE0500CCC8FB /* Main */,
				00FBD2661D35F55A00CCC8FB /* Resource */,
				00FBD25E1D35F54A00CCC8FB /* Other */,
				00FBD2571D35EDE800CCC8FB /* Expand */,
				AB225632E19C9DD3B0507112 /* Products */,
				AB2254C3541E138FC4E4D8BD /* Sigmaprj */,
				AB225997ED6E0E8C034D3239 /* SigmaprjTests */,
				AB22544EC6933BA2FD646562 /* SigmaprjUITests */,
				9D22FCC535111EB003E0C11C /* Pods */,
				8FDF607A6246F686BCEF6999 /* Frameworks */,
			);
			sourceTree = "<group>";
		};
		AB22544EC6933BA2FD646562 /* SigmaprjUITests */ = {
			isa = PBXGroup;
			children = (
				AB2256D5B5BE1661AA728D89 /* Info.plist */,
				AB225B6F83F852B908968C8C /* SigmaprjUITests.m */,
			);
			path = SigmaprjUITests;
			sourceTree = "<group>";
		};
		AB2254C3541E138FC4E4D8BD /* Sigmaprj */ = {
			isa = PBXGroup;
			children = (
				AB225007CA55A5E2A7B4D863 /* Info.plist */,
				AB225E7FCDE2C0FE8B5A16F8 /* Assets.xcassets */,
				AB2251DB1F44B4DB7C5367CF /* LaunchScreen.storyboard */,
				AB2258EDCD14C5C5E3D32FEE /* Supporting Files */,
				AB2259679BC90FDB433BCF90 /* AppDelegate.h */,
				AB225F5D2F5A1DFC990C67B0 /* AppDelegate.m */,
				AB225987E3367DEF4646049F /* Main.storyboard */,
				AB2254E9E1D0CD2D9730F1F7 /* ViewController.h */,
				AB2254D90FA6CEA95919E140 /* ViewController.m */,
				00FBD26A1D35F67800CCC8FB /* SigmaprjPrefix.pch */,
			);
			path = Sigmaprj;
			sourceTree = "<group>";
		};
		AB225632E19C9DD3B0507112 /* Products */ = {
			isa = PBXGroup;
			children = (
				AB2254E2AE7CFE8970F22990 /* Sigmaprj.app */,
				AB2257B22E146A7E841B86F4 /* SigmaprjTests.xctest */,
				AB2256BF2DFFCA0937AF0BC7 /* SigmaprjUITests.xctest */,
			);
			name = Products;
			sourceTree = "<group>";
		};
		AB2258EDCD14C5C5E3D32FEE /* Supporting Files */ = {
			isa = PBXGroup;
			children = (
				AB22551842BF252A41A127C3 /* main.m */,
			);
			name = "Supporting Files";
			sourceTree = "<group>";
		};
		AB225997ED6E0E8C034D3239 /* SigmaprjTests */ = {
			isa = PBXGroup;
			children = (
				AB2258BC91323318439E5AD6 /* Info.plist */,
				AB2258DB3817CC891D246402 /* SigmaprjTests.m */,
			);
			path = SigmaprjTests;
			sourceTree = "<group>";
		};
/* End PBXGroup section */

/* Begin PBXNativeTarget section */
		AB225524305C20918E8EE682 /* Sigmaprj */ = {
			isa = PBXNativeTarget;
			buildConfigurationList = AB22512654BAA562854AE572 /* Build configuration list for PBXNativeTarget "Sigmaprj" */;
			buildPhases = (
				FA10684A36EA02DE6BB4830F /* [CP] Check Pods Manifest.lock */,
				AB225D93A82162E5A8902374 /* Sources */,
				AB2251BB1E2780A6E00AC224 /* Frameworks */,
				AB22578A5AB415353CDF2390 /* Resources */,
				ECBCA9D73A1B6B558C68EECA /* [CP] Embed Pods Frameworks */,
				29A01DEF65C2935C607A4CF8 /* [CP] Copy Pods Resources */,
			);
			buildRules = (
			);
			dependencies = (
			);
			name = Sigmaprj;
			productName = Sigmaprj;
			productReference = AB2254E2AE7CFE8970F22990 /* Sigmaprj.app */;
			productType = "com.apple.product-type.application";
		};
		AB2258350324F53718D9AC29 /* SigmaprjTests */ = {
			isa = PBXNativeTarget;
			buildConfigurationList = AB225FE95E7592235177E166 /* Build configuration list for PBXNativeTarget "SigmaprjTests" */;
			buildPhases = (
				AB225F1918DF8C96D6E7EC33 /* Sources */,
				AB2250E351D9D1469AFCBA07 /* Frameworks */,
				AB225A39771207898E93D59F /* Resources */,
			);
			buildRules = (
			);
			dependencies = (
				AB2250D9885E0F5AA709D9A3 /* PBXTargetDependency */,
			);
			name = SigmaprjTests;
			productName = SigmaprjTests;
			productReference = AB2257B22E146A7E841B86F4 /* SigmaprjTests.xctest */;
			productType = "com.apple.product-type.bundle.unit-test";
		};
		AB225BB76FF6B598C0423A1D /* SigmaprjUITests */ = {
			isa = PBXNativeTarget;
			buildConfigurationList = AB2250B6575025430B6AF82D /* Build configuration list for PBXNativeTarget "SigmaprjUITests" */;
			buildPhases = (
				AB225330D4A843256E725225 /* Sources */,
				AB2250BBEDD4511C1E8DB84B /* Frameworks */,
				AB2258897D7122134226672D /* Resources */,
			);
			buildRules = (
			);
			dependencies = (
				AB225C4FDA0B797D91FDEBAF /* PBXTargetDependency */,
			);
			name = SigmaprjUITests;
			productName = SigmaprjUITests;
			productReference = AB2256BF2DFFCA0937AF0BC7 /* SigmaprjUITests.xctest */;
			productType = "com.apple.product-type.bundle.ui-testing";
		};
/* End PBXNativeTarget section */

/* Begin PBXProject section */
		AB2259DC06E534E9A181389D /* Project object */ = {
			isa = PBXProject;
			attributes = {
				ORGANIZATIONNAME = "___FULLUSERNAME___";
			};
			buildConfigurationList = AB225A18135BBFCF050D4800 /* Build configuration list for PBXProject "Sigmaprj" */;
			compatibilityVersion = "Xcode 3.2";
			developmentRegion = English;
			hasScannedForEncodings = 0;
			knownRegions = (
				en,
			);
			mainGroup = AB22517995235DE7D5DF66F4;
			productRefGroup = AB225632E19C9DD3B0507112 /* Products */;
			projectDirPath = "";
			projectRoot = "";
			targets = (
				AB225524305C20918E8EE682 /* Sigmaprj */,
				AB2258350324F53718D9AC29 /* SigmaprjTests */,
				AB225BB76FF6B598C0423A1D /* SigmaprjUITests */,
			);
		};
/* End PBXProject section */

/* Begin PBXResourcesBuildPhase section */
		AB22578A5AB415353CDF2390 /* Resources */ = {
			isa = PBXResourcesBuildPhase;
			buildActionMask = 2147483647;
			files = (
				AB2257CE51D9E336F16D9F6A /* Info.plist in Resources */,
				AB225E1AE2F882FF2405A3D4 /* Assets.xcassets in Resources */,
				AB225892B92AF06E1F32657D /* LaunchScreen.storyboard in Resources */,
				AB225F63AB32166BF7F90F2D /* Main.storyboard in Resources */,
			);
			runOnlyForDeploymentPostprocessing = 0;
		};
		AB2258897D7122134226672D /* Resources */ = {
			isa = PBXResourcesBuildPhase;
			buildActionMask = 2147483647;
			files = (
				AB22527C906EE83685BBABA9 /* Info.plist in Resources */,
			);
			runOnlyForDeploymentPostprocessing = 0;
		};
		AB225A39771207898E93D59F /* Resources */ = {
			isa = PBXResourcesBuildPhase;
			buildActionMask = 2147483647;
			files = (
				AB225FF778C3AA5ECAFD70AB /* Info.plist in Resources */,
			);
			runOnlyForDeploymentPostprocessing = 0;
		};
/* End PBXResourcesBuildPhase section */

/* Begin PBXShellScriptBuildPhase section */
		29A01DEF65C2935C607A4CF8 /* [CP] Copy Pods Resources */ = {
			isa = PBXShellScriptBuildPhase;
			buildActionMask = 2147483647;
			files = (
			);
			inputPaths = (
			);
			name = "[CP] Copy Pods Resources";
			outputPaths = (
			);
			runOnlyForDeploymentPostprocessing = 0;
			shellPath = /bin/sh;
			shellScript = "\"${SRCROOT}/Pods/Target Support Files/Pods-Sigmaprj/Pods-Sigmaprj-resources.sh\"\n";
			showEnvVarsInLog = 0;
		};
		ECBCA9D73A1B6B558C68EECA /* [CP] Embed Pods Frameworks */ = {
			isa = PBXShellScriptBuildPhase;
			buildActionMask = 2147483647;
			files = (
			);
			inputPaths = (
			);
			name = "[CP] Embed Pods Frameworks";
			outputPaths = (
			);
			runOnlyForDeploymentPostprocessing = 0;
			shellPath = /bin/sh;
			shellScript = "\"${SRCROOT}/Pods/Target Support Files/Pods-Sigmaprj/Pods-Sigmaprj-frameworks.sh\"\n";
			showEnvVarsInLog = 0;
		};
		FA10684A36EA02DE6BB4830F /* [CP] Check Pods Manifest.lock */ = {
			isa = PBXShellScriptBuildPhase;
			buildActionMask = 2147483647;
			files = (
			);
			inputPaths = (
			);
			name = "[CP] Check Pods Manifest.lock";
			outputPaths = (
			);
			runOnlyForDeploymentPostprocessing = 0;
			shellPath = /bin/sh;
			shellScript = "diff \"${PODS_ROOT}/../Podfile.lock\" \"${PODS_ROOT}/Manifest.lock\" > /dev/null\nif [[ $? != 0 ]] ; then\n    cat << EOM\nerror: The sandbox is not in sync with the Podfile.lock. Run 'pod install' or update your CocoaPods installation.\nEOM\n    exit 1\nfi\n";
			showEnvVarsInLog = 0;
		};
/* End PBXShellScriptBuildPhase section */

/* Begin PBXSourcesBuildPhase section */
		AB225330D4A843256E725225 /* Sources */ = {
			isa = PBXSourcesBuildPhase;
			buildActionMask = 2147483647;
			files = (
				AB2250BC144BAE4D9251DDE1 /* SigmaprjUITests.m in Sources */,
			);
			runOnlyForDeploymentPostprocessing = 0;
		};
		AB225D93A82162E5A8902374 /* Sources */ = {
			isa = PBXSourcesBuildPhase;
			buildActionMask = 2147483647;
			files = (
				AB2253D420EBFD3751B592E3 /* main.m in Sources */,
				AB225DDFB984483D922398B3 /* AppDelegate.m in Sources */,
				00FBD2851D35FE8300CCC8FB /* SACommunityViewController.m in Sources */,
				00FBD26D1D35FC4600CCC8FB /* SATabBarViewController.m in Sources */,
				00FBD28E1D35FFAD00CCC8FB /* SAMeViewController.m in Sources */,
				00FBD28B1D35FF8200CCC8FB /* SAPopularViewController.m in Sources */,
				00FBD2911D36038D00CCC8FB /* SANavigationController.m in Sources */,
				00FBD2881D35FF4700CCC8FB /* SAEInfomationViewController.m in Sources */,
				AB22500EA77EE469FA3249D7 /* ViewController.m in Sources */,
			);
			runOnlyForDeploymentPostprocessing = 0;
		};
		AB225F1918DF8C96D6E7EC33 /* Sources */ = {
			isa = PBXSourcesBuildPhase;
			buildActionMask = 2147483647;
			files = (
				AB225583DD0D027A5DDDDC51 /* SigmaprjTests.m in Sources */,
			);
			runOnlyForDeploymentPostprocessing = 0;
		};
/* End PBXSourcesBuildPhase section */

/* Begin PBXTargetDependency section */
		AB2250D9885E0F5AA709D9A3 /* PBXTargetDependency */ = {
			isa = PBXTargetDependency;
			target = AB225524305C20918E8EE682 /* Sigmaprj */;
			targetProxy = AB2258338560F016E1CB2963 /* PBXContainerItemProxy */;
		};
		AB225C4FDA0B797D91FDEBAF /* PBXTargetDependency */ = {
			isa = PBXTargetDependency;
			target = AB225524305C20918E8EE682 /* Sigmaprj */;
			targetProxy = AB225146F25529EACBD2310F /* PBXContainerItemProxy */;
		};
/* End PBXTargetDependency section */

/* Begin PBXVariantGroup section */
		AB2251DB1F44B4DB7C5367CF /* LaunchScreen.storyboard */ = {
			isa = PBXVariantGroup;
			children = (
				AB2255756ABB172FD79984AA /* Base */,
			);
			name = LaunchScreen.storyboard;
			sourceTree = "<group>";
		};
		AB225987E3367DEF4646049F /* Main.storyboard */ = {
			isa = PBXVariantGroup;
			children = (
				AB2257B979724B806BE9609A /* Base */,
			);
			name = Main.storyboard;
			sourceTree = "<group>";
		};
/* End PBXVariantGroup section */

/* Begin XCBuildConfiguration section */
		AB225583BF8E1A445F8A73C8 /* Release */ = {
			isa = XCBuildConfiguration;
			buildSettings = {
				BUNDLE_LOADER = "$(BUILT_PRODUCTS_DIR)/Sigmaprj.app/Sigmaprj";
				INFOPLIST_FILE = SigmaprjTests/Info.plist;
				LD_RUNPATH_SEARCH_PATHS = "$(inherited) @executable_path/Frameworks @loader_path/Frameworks";
				PRODUCT_BUNDLE_IDENTIFIER = terence.SigmaprjTests;
				PRODUCT_NAME = "$(TARGET_NAME)";
				TEST_HOST = "$(BUNDLE_LOADER)";
			};
			name = Release;
		};
		AB22563F6B34C781E0F2174A /* Release */ = {
			isa = XCBuildConfiguration;
			baseConfigurationReference = 152DBEF5A87E066F32580C0B /* Pods-Sigmaprj.release.xcconfig */;
			buildSettings = {
				ASSETCATALOG_COMPILER_APPICON_NAME = AppIcon;
				GCC_PRECOMPILE_PREFIX_HEADER = YES;
				GCC_PREFIX_HEADER = "$(SRCROOT)/Sigmaprj/SigmaprjPrefix.pch";
				INFOPLIST_FILE = Sigmaprj/Info.plist;
				LD_RUNPATH_SEARCH_PATHS = "$(inherited) @executable_path/Frameworks";
				PRODUCT_BUNDLE_IDENTIFIER = terence.Sigmaprj;
				PRODUCT_NAME = "$(TARGET_NAME)";
			};
			name = Release;
		};
		AB2259E2EFC46FF7D5664843 /* Debug */ = {
			isa = XCBuildConfiguration;
			buildSettings = {
				BUNDLE_LOADER = "$(BUILT_PRODUCTS_DIR)/Sigmaprj.app/Sigmaprj";
				INFOPLIST_FILE = SigmaprjUITests/Info.plist;
				LD_RUNPATH_SEARCH_PATHS = "$(inherited) @executable_path/Frameworks @loader_path/Frameworks";
				PRODUCT_BUNDLE_IDENTIFIER = terence.SigmaprjUITests;
				PRODUCT_NAME = "$(TARGET_NAME)";
				TEST_HOST = "$(BUNDLE_LOADER)";
			};
			name = Debug;
		};
		AB225A1370DCEAE31A2EB634 /* Debug */ = {
			isa = XCBuildConfiguration;
			buildSettings = {
				BUNDLE_LOADER = "$(BUILT_PRODUCTS_DIR)/Sigmaprj.app/Sigmaprj";
				INFOPLIST_FILE = SigmaprjTests/Info.plist;
				LD_RUNPATH_SEARCH_PATHS = "$(inherited) @executable_path/Frameworks @loader_path/Frameworks";
				PRODUCT_BUNDLE_IDENTIFIER = terence.SigmaprjTests;
				PRODUCT_NAME = "$(TARGET_NAME)";
				TEST_HOST = "$(BUNDLE_LOADER)";
			};
			name = Debug;
		};
		AB225C70E743140806ADD9E3 /* Release */ = {
			isa = XCBuildConfiguration;
			buildSettings = {
				ALWAYS_SEARCH_USER_PATHS = NO;
				CLANG_ANALYZER_NONNULL = YES;
				CLANG_CXX_LANGUAGE_STANDARD = "gnu++0x";
				CLANG_CXX_LIBRARY = "libc++";
				CLANG_ENABLE_MODULES = YES;
				CLANG_ENABLE_OBJC_ARC = YES;
				CLANG_WARN_BOOL_CONVERSION = YES;
				CLANG_WARN_CONSTANT_CONVERSION = YES;
				CLANG_WARN_DIRECT_OBJC_ISA_USAGE = YES_ERROR;
				CLANG_WARN_EMPTY_BODY = YES;
				CLANG_WARN_ENUM_CONVERSION = YES;
				CLANG_WARN_INT_CONVERSION = YES;
				CLANG_WARN_OBJC_ROOT_CLASS = YES_ERROR;
				CLANG_WARN_UNREACHABLE_CODE = YES;
				CLANG_WARN__DUPLICATE_METHOD_MATCH = YES;
				"CODE_SIGN_IDENTITY[sdk=iphoneos*]" = "iPhone Developer";
				COPY_PHASE_STRIP = NO;
				DEBUG_INFORMATION_FORMAT = "dwarf-with-dsym";
				ENABLE_NS_ASSERTIONS = NO;
				ENABLE_STRICT_OBJC_MSGSEND = YES;
				GCC_C_LANGUAGE_STANDARD = gnu99;
				GCC_NO_COMMON_BLOCKS = YES;
				GCC_WARN_64_TO_32_BIT_CONVERSION = YES;
				GCC_WARN_ABOUT_RETURN_TYPE = YES_ERROR;
				GCC_WARN_UNDECLARED_SELECTOR = YES;
				GCC_WARN_UNINITIALIZED_AUTOS = YES_AGGRESSIVE;
				GCC_WARN_UNUSED_FUNCTION = YES;
				GCC_WARN_UNUSED_VARIABLE = YES;
				IPHONEOS_DEPLOYMENT_TARGET = 9.3;
				MTL_ENABLE_DEBUG_INFO = NO;
				SDKROOT = iphoneos;
				TARGETED_DEVICE_FAMILY = "1,2";
				VALIDATE_PRODUCT = YES;
			};
			name = Release;
		};
		AB225E736723D901F4209762 /* Debug */ = {
			isa = XCBuildConfiguration;
			baseConfigurationReference = A5D9A6E0CFF6D3F9F0CF8F24 /* Pods-Sigmaprj.debug.xcconfig */;
			buildSettings = {
				ASSETCATALOG_COMPILER_APPICON_NAME = AppIcon;
				GCC_PRECOMPILE_PREFIX_HEADER = YES;
				GCC_PREFIX_HEADER = "$(SRCROOT)/Sigmaprj/SigmaprjPrefix.pch";
				INFOPLIST_FILE = Sigmaprj/Info.plist;
				LD_RUNPATH_SEARCH_PATHS = "$(inherited) @executable_path/Frameworks";
				PRODUCT_BUNDLE_IDENTIFIER = terence.Sigmaprj;
				PRODUCT_NAME = "$(TARGET_NAME)";
			};
			name = Debug;
		};
		AB225E989E1B5CC2BF2AE6D7 /* Release */ = {
			isa = XCBuildConfiguration;
			buildSettings = {
				BUNDLE_LOADER = "$(BUILT_PRODUCTS_DIR)/Sigmaprj.app/Sigmaprj";
				INFOPLIST_FILE = SigmaprjUITests/Info.plist;
				LD_RUNPATH_SEARCH_PATHS = "$(inherited) @executable_path/Frameworks @loader_path/Frameworks";
				PRODUCT_BUNDLE_IDENTIFIER = terence.SigmaprjUITests;
				PRODUCT_NAME = "$(TARGET_NAME)";
				TEST_HOST = "$(BUNDLE_LOADER)";
			};
			name = Release;
		};
		AB225EF3DF19DA2E25DD3B29 /* Debug */ = {
			isa = XCBuildConfiguration;
			buildSettings = {
				ALWAYS_SEARCH_USER_PATHS = NO;
				CLANG_ANALYZER_NONNULL = YES;
				CLANG_CXX_LANGUAGE_STANDARD = "gnu++0x";
				CLANG_CXX_LIBRARY = "libc++";
				CLANG_ENABLE_MODULES = YES;
				CLANG_ENABLE_OBJC_ARC = YES;
				CLANG_WARN_BOOL_CONVERSION = YES;
				CLANG_WARN_CONSTANT_CONVERSION = YES;
				CLANG_WARN_DIRECT_OBJC_ISA_USAGE = YES_ERROR;
				CLANG_WARN_EMPTY_BODY = YES;
				CLANG_WARN_ENUM_CONVERSION = YES;
				CLANG_WARN_INT_CONVERSION = YES;
				CLANG_WARN_OBJC_ROOT_CLASS = YES_ERROR;
				CLANG_WARN_UNREACHABLE_CODE = YES;
				CLANG_WARN__DUPLICATE_METHOD_MATCH = YES;
				"CODE_SIGN_IDENTITY[sdk=iphoneos*]" = "iPhone Developer";
				COPY_PHASE_STRIP = NO;
				DEBUG_INFORMATION_FORMAT = dwarf;
				ENABLE_STRICT_OBJC_MSGSEND = YES;
				ENABLE_TESTABILITY = YES;
				GCC_C_LANGUAGE_STANDARD = gnu99;
				GCC_DYNAMIC_NO_PIC = NO;
				GCC_NO_COMMON_BLOCKS = YES;
				GCC_OPTIMIZATION_LEVEL = 0;
				GCC_PREPROCESSOR_DEFINITIONS = (
					"DEBUG=1",
					"$(inherited)",
				);
				GCC_WARN_64_TO_32_BIT_CONVERSION = YES;
				GCC_WARN_ABOUT_RETURN_TYPE = YES_ERROR;
				GCC_WARN_UNDECLARED_SELECTOR = YES;
				GCC_WARN_UNINITIALIZED_AUTOS = YES_AGGRESSIVE;
				GCC_WARN_UNUSED_FUNCTION = YES;
				GCC_WARN_UNUSED_VARIABLE = YES;
				IPHONEOS_DEPLOYMENT_TARGET = 9.3;
				MTL_ENABLE_DEBUG_INFO = YES;
				ONLY_ACTIVE_ARCH = YES;
				SDKROOT = iphoneos;
				TARGETED_DEVICE_FAMILY = "1,2";
			};
			name = Debug;
		};
/* End XCBuildConfiguration section */

/* Begin XCConfigurationList section */
		AB2250B6575025430B6AF82D /* Build configuration list for PBXNativeTarget "SigmaprjUITests" */ = {
			isa = XCConfigurationList;
			buildConfigurations = (
				AB2259E2EFC46FF7D5664843 /* Debug */,
				AB225E989E1B5CC2BF2AE6D7 /* Release */,
			);
			defaultConfigurationIsVisible = 0;
			defaultConfigurationName = Release;
		};
		AB22512654BAA562854AE572 /* Build configuration list for PBXNativeTarget "Sigmaprj" */ = {
			isa = XCConfigurationList;
			buildConfigurations = (
				AB225E736723D901F4209762 /* Debug */,
				AB22563F6B34C781E0F2174A /* Release */,
			);
			defaultConfigurationIsVisible = 0;
			defaultConfigurationName = Release;
		};
		AB225A18135BBFCF050D4800 /* Build configuration list for PBXProject "Sigmaprj" */ = {
			isa = XCConfigurationList;
			buildConfigurations = (
				AB225EF3DF19DA2E25DD3B29 /* Debug */,
				AB225C70E743140806ADD9E3 /* Release */,
			);
			defaultConfigurationIsVisible = 0;
			defaultConfigurationName = Release;
		};
		AB225FE95E7592235177E166 /* Build configuration list for PBXNativeTarget "SigmaprjTests" */ = {
			isa = XCConfigurationList;
			buildConfigurations = (
				AB225A1370DCEAE31A2EB634 /* Debug */,
				AB225583BF8E1A445F8A73C8 /* Release */,
			);
			defaultConfigurationIsVisible = 0;
			defaultConfigurationName = Release;
		};
/* End XCConfigurationList section */
	};
	rootObject = AB2259DC06E534E9A181389D /* Project object */;
}
